// !$*UTF8*$!
{
	archiveVersion = 1;
	classes = {
	};
	objectVersion = 50;
	objects = {

/* Begin PBXBuildFile section */
		106F10BA64C390796328F4FC /* libPods-YH_WordsTests.a in Frameworks */ = {isa = PBXBuildFile; fileRef = 295A55EC31F27A849D3F43F9 /* libPods-YH_WordsTests.a */; };
		365F470223CB1F4B0073FB73 /* AppDelegate.m in Sources */ = {isa = PBXBuildFile; fileRef = 365F470123CB1F4B0073FB73 /* AppDelegate.m */; };
		365F470523CB1F4B0073FB73 /* SceneDelegate.m in Sources */ = {isa = PBXBuildFile; fileRef = 365F470423CB1F4B0073FB73 /* SceneDelegate.m */; };
		365F470823CB1F4B0073FB73 /* ViewController.m in Sources */ = {isa = PBXBuildFile; fileRef = 365F470723CB1F4B0073FB73 /* ViewController.m */; };
		365F470B23CB1F4B0073FB73 /* Main.storyboard in Resources */ = {isa = PBXBuildFile; fileRef = 365F470923CB1F4B0073FB73 /* Main.storyboard */; };
		365F470D23CB1F4C0073FB73 /* Assets.xcassets in Resources */ = {isa = PBXBuildFile; fileRef = 365F470C23CB1F4C0073FB73 /* Assets.xcassets */; };
		365F471023CB1F4C0073FB73 /* LaunchScreen.storyboard in Resources */ = {isa = PBXBuildFile; fileRef = 365F470E23CB1F4C0073FB73 /* LaunchScreen.storyboard */; };
		365F471323CB1F4C0073FB73 /* main.m in Sources */ = {isa = PBXBuildFile; fileRef = 365F471223CB1F4C0073FB73 /* main.m */; };
		365F471D23CB1F4C0073FB73 /* YH_WordsTests.m in Sources */ = {isa = PBXBuildFile; fileRef = 365F471C23CB1F4C0073FB73 /* YH_WordsTests.m */; };
		365F472823CB1F4C0073FB73 /* YH_WordsUITests.m in Sources */ = {isa = PBXBuildFile; fileRef = 365F472723CB1F4C0073FB73 /* YH_WordsUITests.m */; };
		D73027A5DD19E09E0BD302A3 /* libPods-YH_Words-YH_WordsUITests.a in Frameworks */ = {isa = PBXBuildFile; fileRef = F8E95F91FA90EDC0F2B8BBFB /* libPods-YH_Words-YH_WordsUITests.a */; };
		F627D10C826256C73F374A95 /* libPods-YH_Words.a in Frameworks */ = {isa = PBXBuildFile; fileRef = CA3E337E758199A8C9EBFAF5 /* libPods-YH_Words.a */; };
/* End PBXBuildFile section */

/* Begin PBXContainerItemProxy section */
		365F471923CB1F4C0073FB73 /* PBXContainerItemProxy */ = {
			isa = PBXContainerItemProxy;
			containerPortal = 365F46F523CB1F4B0073FB73 /* Project object */;
			proxyType = 1;
			remoteGlobalIDString = 365F46FC23CB1F4B0073FB73;
			remoteInfo = YH_Words;
		};
		365F472423CB1F4C0073FB73 /* PBXContainerItemProxy */ = {
			isa = PBXContainerItemProxy;
			containerPortal = 365F46F523CB1F4B0073FB73 /* Project object */;
			proxyType = 1;
			remoteGlobalIDString = 365F46FC23CB1F4B0073FB73;
			remoteInfo = YH_Words;
		};
/* End PBXContainerItemProxy section */

/* Begin PBXFileReference section */
		062080A9D05031769F3AD18E /* Pods-YH_Words.release.xcconfig */ = {isa = PBXFileReference; includeInIndex = 1; lastKnownFileType = text.xcconfig; name = "Pods-YH_Words.release.xcconfig"; path = "Target Support Files/Pods-YH_Words/Pods-YH_Words.release.xcconfig"; sourceTree = "<group>"; };
		295A55EC31F27A849D3F43F9 /* libPods-YH_WordsTests.a */ = {isa = PBXFileReference; explicitFileType = archive.ar; includeInIndex = 0; path = "libPods-YH_WordsTests.a"; sourceTree = BUILT_PRODUCTS_DIR; };
		365F46FD23CB1F4B0073FB73 /* YH_Words.app */ = {isa = PBXFileReference; explicitFileType = wrapper.application; includeInIndex = 0; path = YH_Words.app; sourceTree = BUILT_PRODUCTS_DIR; };
		365F470023CB1F4B0073FB73 /* AppDelegate.h */ = {isa = PBXFileReference; lastKnownFileType = sourcecode.c.h; path = AppDelegate.h; sourceTree = "<group>"; };
		365F470123CB1F4B0073FB73 /* AppDelegate.m */ = {isa = PBXFileReference; lastKnownFileType = sourcecode.c.objc; path = AppDelegate.m; sourceTree = "<group>"; };
		365F470323CB1F4B0073FB73 /* SceneDelegate.h */ = {isa = PBXFileReference; lastKnownFileType = sourcecode.c.h; path = SceneDelegate.h; sourceTree = "<group>"; };
		365F470423CB1F4B0073FB73 /* SceneDelegate.m */ = {isa = PBXFileReference; lastKnownFileType = sourcecode.c.objc; path = SceneDelegate.m; sourceTree = "<group>"; };
		365F470623CB1F4B0073FB73 /* ViewController.h */ = {isa = PBXFileReference; lastKnownFileType = sourcecode.c.h; path = ViewController.h; sourceTree = "<group>"; };
		365F470723CB1F4B0073FB73 /* ViewController.m */ = {isa = PBXFileReference; lastKnownFileType = sourcecode.c.objc; path = ViewController.m; sourceTree = "<group>"; };
		365F470A23CB1F4B0073FB73 /* Base */ = {isa = PBXFileReference; lastKnownFileType = file.storyboard; name = Base; path = Base.lproj/Main.storyboard; sourceTree = "<group>"; };
		365F470C23CB1F4C0073FB73 /* Assets.xcassets */ = {isa = PBXFileReference; lastKnownFileType = folder.assetcatalog; path = Assets.xcassets; sourceTree = "<group>"; };
		365F470F23CB1F4C0073FB73 /* Base */ = {isa = PBXFileReference; lastKnownFileType = file.storyboard; name = Base; path = Base.lproj/LaunchScreen.storyboard; sourceTree = "<group>"; };
		365F471123CB1F4C0073FB73 /* Info.plist */ = {isa = PBXFileReference; lastKnownFileType = text.plist.xml; path = Info.plist; sourceTree = "<group>"; };
		365F471223CB1F4C0073FB73 /* main.m */ = {isa = PBXFileReference; lastKnownFileType = sourcecode.c.objc; path = main.m; sourceTree = "<group>"; };
		365F471823CB1F4C0073FB73 /* YH_WordsTests.xctest */ = {isa = PBXFileReference; explicitFileType = wrapper.cfbundle; includeInIndex = 0; path = YH_WordsTests.xctest; sourceTree = BUILT_PRODUCTS_DIR; };
		365F471C23CB1F4C0073FB73 /* YH_WordsTests.m */ = {isa = PBXFileReference; lastKnownFileType = sourcecode.c.objc; path = YH_WordsTests.m; sourceTree = "<group>"; };
		365F471E23CB1F4C0073FB73 /* Info.plist */ = {isa = PBXFileReference; lastKnownFileType = text.plist.xml; path = Info.plist; sourceTree = "<group>"; };
		365F472323CB1F4C0073FB73 /* YH_WordsUITests.xctest */ = {isa = PBXFileReference; explicitFileType = wrapper.cfbundle; includeInIndex = 0; path = YH_WordsUITests.xctest; sourceTree = BUILT_PRODUCTS_DIR; };
		365F472723CB1F4C0073FB73 /* YH_WordsUITests.m */ = {isa = PBXFileReference; lastKnownFileType = sourcecode.c.objc; path = YH_WordsUITests.m; sourceTree = "<group>"; };
		365F472923CB1F4C0073FB73 /* Info.plist */ = {isa = PBXFileReference; lastKnownFileType = text.plist.xml; path = Info.plist; sourceTree = "<group>"; };
		47FE0666851F975E77E6C0EA /* Pods-YH_Words-YH_WordsUITests.debug.xcconfig */ = {isa = PBXFileReference; includeInIndex = 1; lastKnownFileType = text.xcconfig; name = "Pods-YH_Words-YH_WordsUITests.debug.xcconfig"; path = "Target Support Files/Pods-YH_Words-YH_WordsUITests/Pods-YH_Words-YH_WordsUITests.debug.xcconfig"; sourceTree = "<group>"; };
		5A63B47ACCEFEF3E2FD46EA4 /* Pods-YH_Words-YH_WordsUITests.release.xcconfig */ = {isa = PBXFileReference; includeInIndex = 1; lastKnownFileType = text.xcconfig; name = "Pods-YH_Words-YH_WordsUITests.release.xcconfig"; path = "Target Support Files/Pods-YH_Words-YH_WordsUITests/Pods-YH_Words-YH_WordsUITests.release.xcconfig"; sourceTree = "<group>"; };
		620399AD313830119DA8ACD2 /* Pods-YH_WordsTests.debug.xcconfig */ = {isa = PBXFileReference; includeInIndex = 1; lastKnownFileType = text.xcconfig; name = "Pods-YH_WordsTests.debug.xcconfig"; path = "Target Support Files/Pods-YH_WordsTests/Pods-YH_WordsTests.debug.xcconfig"; sourceTree = "<group>"; };
		6812D762D75BDC969D346BC2 /* Pods-YH_WordsTests.release.xcconfig */ = {isa = PBXFileReference; includeInIndex = 1; lastKnownFileType = text.xcconfig; name = "Pods-YH_WordsTests.release.xcconfig"; path = "Target Support Files/Pods-YH_WordsTests/Pods-YH_WordsTests.release.xcconfig"; sourceTree = "<group>"; };
		6DA418822F4D7B94E773AC08 /* Pods-YH_Words.debug.xcconfig */ = {isa = PBXFileReference; includeInIndex = 1; lastKnownFileType = text.xcconfig; name = "Pods-YH_Words.debug.xcconfig"; path = "Target Support Files/Pods-YH_Words/Pods-YH_Words.debug.xcconfig"; sourceTree = "<group>"; };
		CA3E337E758199A8C9EBFAF5 /* libPods-YH_Words.a */ = {isa = PBXFileReference; explicitFileType = archive.ar; includeInIndex = 0; path = "libPods-YH_Words.a"; sourceTree = BUILT_PRODUCTS_DIR; };
		F8E95F91FA90EDC0F2B8BBFB /* libPods-YH_Words-YH_WordsUITests.a */ = {isa = PBXFileReference; explicitFileType = archive.ar; includeInIndex = 0; path = "libPods-YH_Words-YH_WordsUITests.a"; sourceTree = BUILT_PRODUCTS_DIR; };
/* End PBXFileReference section */

/* Begin PBXFrameworksBuildPhase section */
		365F46FA23CB1F4B0073FB73 /* Frameworks */ = {
			isa = PBXFrameworksBuildPhase;
			buildActionMask = 2147483647;
			files = (
				F627D10C826256C73F374A95 /* libPods-YH_Words.a in Frameworks */,
			);
			runOnlyForDeploymentPostprocessing = 0;
		};
		365F471523CB1F4C0073FB73 /* Frameworks */ = {
			isa = PBXFrameworksBuildPhase;
			buildActionMask = 2147483647;
			files = (
				106F10BA64C390796328F4FC /* libPods-YH_WordsTests.a in Frameworks */,
			);
			runOnlyForDeploymentPostprocessing = 0;
		};
		365F472023CB1F4C0073FB73 /* Frameworks */ = {
			isa = PBXFrameworksBuildPhase;
			buildActionMask = 2147483647;
			files = (
				D73027A5DD19E09E0BD302A3 /* libPods-YH_Words-YH_WordsUITests.a in Frameworks */,
			);
			runOnlyForDeploymentPostprocessing = 0;
		};
/* End PBXFrameworksBuildPhase section */

/* Begin PBXGroup section */
		365F46F423CB1F4B0073FB73 = {
			isa = PBXGroup;
			children = (
				365F46FF23CB1F4B0073FB73 /* YH_Words */,
				365F471B23CB1F4C0073FB73 /* YH_WordsTests */,
				365F472623CB1F4C0073FB73 /* YH_WordsUITests */,
				365F46FE23CB1F4B0073FB73 /* Products */,
				671C59383F10B59B861BEE30 /* Pods */,
				3B10F3C437216E37402868EE /* Frameworks */,
			);
			sourceTree = "<group>";
		};
		365F46FE23CB1F4B0073FB73 /* Products */ = {
			isa = PBXGroup;
			children = (
				365F46FD23CB1F4B0073FB73 /* YH_Words.app */,
				365F471823CB1F4C0073FB73 /* YH_WordsTests.xctest */,
				365F472323CB1F4C0073FB73 /* YH_WordsUITests.xctest */,
			);
			name = Products;
			sourceTree = "<group>";
		};
		365F46FF23CB1F4B0073FB73 /* YH_Words */ = {
			isa = PBXGroup;
			children = (
				365F470023CB1F4B0073FB73 /* AppDelegate.h */,
				365F470123CB1F4B0073FB73 /* AppDelegate.m */,
				365F470323CB1F4B0073FB73 /* SceneDelegate.h */,
				365F470423CB1F4B0073FB73 /* SceneDelegate.m */,
				365F470623CB1F4B0073FB73 /* ViewController.h */,
				365F470723CB1F4B0073FB73 /* ViewController.m */,
				365F470923CB1F4B0073FB73 /* Main.storyboard */,
				365F470C23CB1F4C0073FB73 /* Assets.xcassets */,
				365F470E23CB1F4C0073FB73 /* LaunchScreen.storyboard */,
				365F471123CB1F4C0073FB73 /* Info.plist */,
				365F471223CB1F4C0073FB73 /* main.m */,
			);
			path = YH_Words;
			sourceTree = "<group>";
		};
		365F471B23CB1F4C0073FB73 /* YH_WordsTests */ = {
			isa = PBXGroup;
			children = (
				365F471C23CB1F4C0073FB73 /* YH_WordsTests.m */,
				365F471E23CB1F4C0073FB73 /* Info.plist */,
			);
			path = YH_WordsTests;
			sourceTree = "<group>";
		};
		365F472623CB1F4C0073FB73 /* YH_WordsUITests */ = {
			isa = PBXGroup;
			children = (
				365F472723CB1F4C0073FB73 /* YH_WordsUITests.m */,
				365F472923CB1F4C0073FB73 /* Info.plist */,
			);
			path = YH_WordsUITests;
			sourceTree = "<group>";
		};
		3B10F3C437216E37402868EE /* Frameworks */ = {
			isa = PBXGroup;
			children = (
				CA3E337E758199A8C9EBFAF5 /* libPods-YH_Words.a */,
				F8E95F91FA90EDC0F2B8BBFB /* libPods-YH_Words-YH_WordsUITests.a */,
				295A55EC31F27A849D3F43F9 /* libPods-YH_WordsTests.a */,
			);
			name = Frameworks;
			sourceTree = "<group>";
		};
		671C59383F10B59B861BEE30 /* Pods */ = {
			isa = PBXGroup;
			children = (
				6DA418822F4D7B94E773AC08 /* Pods-YH_Words.debug.xcconfig */,
				062080A9D05031769F3AD18E /* Pods-YH_Words.release.xcconfig */,
				47FE0666851F975E77E6C0EA /* Pods-YH_Words-YH_WordsUITests.debug.xcconfig */,
				5A63B47ACCEFEF3E2FD46EA4 /* Pods-YH_Words-YH_WordsUITests.release.xcconfig */,
				620399AD313830119DA8ACD2 /* Pods-YH_WordsTests.debug.xcconfig */,
				6812D762D75BDC969D346BC2 /* Pods-YH_WordsTests.release.xcconfig */,
			);
			name = Pods;
			path = Pods;
			sourceTree = "<group>";
		};
/* End PBXGroup section */

/* Begin PBXNativeTarget section */
		365F46FC23CB1F4B0073FB73 /* YH_Words */ = {
			isa = PBXNativeTarget;
			buildConfigurationList = 365F472C23CB1F4C0073FB73 /* Build configuration list for PBXNativeTarget "YH_Words" */;
			buildPhases = (
				3F08914C6BA6C9F93BEB3471 /* [CP] Check Pods Manifest.lock */,
				365F46F923CB1F4B0073FB73 /* Sources */,
				365F46FA23CB1F4B0073FB73 /* Frameworks */,
				365F46FB23CB1F4B0073FB73 /* Resources */,
			);
			buildRules = (
			);
			dependencies = (
			);
			name = YH_Words;
			productName = YH_Words;
			productReference = 365F46FD23CB1F4B0073FB73 /* YH_Words.app */;
			productType = "com.apple.product-type.application";
		};
		365F471723CB1F4C0073FB73 /* YH_WordsTests */ = {
			isa = PBXNativeTarget;
			buildConfigurationList = 365F472F23CB1F4C0073FB73 /* Build configuration list for PBXNativeTarget "YH_WordsTests" */;
			buildPhases = (
				BB11255733FD67DAC88C441F /* [CP] Check Pods Manifest.lock */,
				365F471423CB1F4C0073FB73 /* Sources */,
				365F471523CB1F4C0073FB73 /* Frameworks */,
				365F471623CB1F4C0073FB73 /* Resources */,
			);
			buildRules = (
			);
			dependencies = (
				365F471A23CB1F4C0073FB73 /* PBXTargetDependency */,
			);
			name = YH_WordsTests;
			productName = YH_WordsTests;
			productReference = 365F471823CB1F4C0073FB73 /* YH_WordsTests.xctest */;
			productType = "com.apple.product-type.bundle.unit-test";
		};
		365F472223CB1F4C0073FB73 /* YH_WordsUITests */ = {
			isa = PBXNativeTarget;
			buildConfigurationList = 365F473223CB1F4C0073FB73 /* Build configuration list for PBXNativeTarget "YH_WordsUITests" */;
			buildPhases = (
				8135974C6145420DEB71F4B1 /* [CP] Check Pods Manifest.lock */,
				365F471F23CB1F4C0073FB73 /* Sources */,
				365F472023CB1F4C0073FB73 /* Frameworks */,
				365F472123CB1F4C0073FB73 /* Resources */,
			);
			buildRules = (
			);
			dependencies = (
				365F472523CB1F4C0073FB73 /* PBXTargetDependency */,
			);
			name = YH_WordsUITests;
			productName = YH_WordsUITests;
			productReference = 365F472323CB1F4C0073FB73 /* YH_WordsUITests.xctest */;
			productType = "com.apple.product-type.bundle.ui-testing";
		};
/* End PBXNativeTarget section */

/* Begin PBXProject section */
		365F46F523CB1F4B0073FB73 /* Project object */ = {
			isa = PBXProject;
			attributes = {
				LastUpgradeCheck = 1120;
				ORGANIZATIONNAME = Vwidea;
				TargetAttributes = {
					365F46FC23CB1F4B0073FB73 = {
						CreatedOnToolsVersion = 11.2.1;
					};
					365F471723CB1F4C0073FB73 = {
						CreatedOnToolsVersion = 11.2.1;
						TestTargetID = 365F46FC23CB1F4B0073FB73;
					};
					365F472223CB1F4C0073FB73 = {
						CreatedOnToolsVersion = 11.2.1;
						TestTargetID = 365F46FC23CB1F4B0073FB73;
					};
				};
			};
			buildConfigurationList = 365F46F823CB1F4B0073FB73 /* Build configuration list for PBXProject "YH_Words" */;
			compatibilityVersion = "Xcode 9.3";
			developmentRegion = en;
			hasScannedForEncodings = 0;
			knownRegions = (
				en,
				Base,
			);
			mainGroup = 365F46F423CB1F4B0073FB73;
			productRefGroup = 365F46FE23CB1F4B0073FB73 /* Products */;
			projectDirPath = "";
			projectRoot = "";
			targets = (
				365F46FC23CB1F4B0073FB73 /* YH_Words */,
				365F471723CB1F4C0073FB73 /* YH_WordsTests */,
				365F472223CB1F4C0073FB73 /* YH_WordsUITests */,
			);
		};
/* End PBXProject section */

/* Begin PBXResourcesBuildPhase section */
		365F46FB23CB1F4B0073FB73 /* Resources */ = {
			isa = PBXResourcesBuildPhase;
			buildActionMask = 2147483647;
			files = (
				365F471023CB1F4C0073FB73 /* LaunchScreen.storyboard in Resources */,
				365F470D23CB1F4C0073FB73 /* Assets.xcassets in Resources */,
				365F470B23CB1F4B0073FB73 /* Main.storyboard in Resources */,
			);
			runOnlyForDeploymentPostprocessing = 0;
		};
		365F471623CB1F4C0073FB73 /* Resources */ = {
			isa = PBXResourcesBuildPhase;
			buildActionMask = 2147483647;
			files = (
			);
			runOnlyForDeploymentPostprocessing = 0;
		};
		365F472123CB1F4C0073FB73 /* Resources */ = {
			isa = PBXResourcesBuildPhase;
			buildActionMask = 2147483647;
			files = (
			);
			runOnlyForDeploymentPostprocessing = 0;
		};
/* End PBXResourcesBuildPhase section */

/* Begin PBXShellScriptBuildPhase section */
		3F08914C6BA6C9F93BEB3471 /* [CP] Check Pods Manifest.lock */ = {
			isa = PBXShellScriptBuildPhase;
			buildActionMask = 2147483647;
			files = (
			);
			inputFileListPaths = (
			);
			inputPaths = (
				"${PODS_PODFILE_DIR_PATH}/Podfile.lock",
				"${PODS_ROOT}/Manifest.lock",
			);
			name = "[CP] Check Pods Manifest.lock";
			outputFileListPaths = (
			);
			outputPaths = (
				"$(DERIVED_FILE_DIR)/Pods-YH_Words-checkManifestLockResult.txt",
			);
			runOnlyForDeploymentPostprocessing = 0;
			shellPath = /bin/sh;
			shellScript = "diff \"${PODS_PODFILE_DIR_PATH}/Podfile.lock\" \"${PODS_ROOT}/Manifest.lock\" > /dev/null\nif [ $? != 0 ] ; then\n    # print error to STDERR\n    echo \"error: The sandbox is not in sync with the Podfile.lock. Run 'pod install' or update your CocoaPods installation.\" >&2\n    exit 1\nfi\n# This output is used by Xcode 'outputs' to avoid re-running this script phase.\necho \"SUCCESS\" > \"${SCRIPT_OUTPUT_FILE_0}\"\n";
			showEnvVarsInLog = 0;
		};
		8135974C6145420DEB71F4B1 /* [CP] Check Pods Manifest.lock */ = {
			isa = PBXShellScriptBuildPhase;
			buildActionMask = 2147483647;
			files = (
			);
			inputFileListPaths = (
			);
			inputPaths = (
				"${PODS_PODFILE_DIR_PATH}/Podfile.lock",
				"${PODS_ROOT}/Manifest.lock",
			);
			name = "[CP] Check Pods Manifest.lock";
			outputFileListPaths = (
			);
			outputPaths = (
				"$(DERIVED_FILE_DIR)/Pods-YH_Words-YH_WordsUITests-checkManifestLockResult.txt",
			);
			runOnlyForDeploymentPostprocessing = 0;
			shellPath = /bin/sh;
			shellScript = "diff \"${PODS_PODFILE_DIR_PATH}/Podfile.lock\" \"${PODS_ROOT}/Manifest.lock\" > /dev/null\nif [ $? != 0 ] ; then\n    # print error to STDERR\n    echo \"error: The sandbox is not in sync with the Podfile.lock. Run 'pod install' or update your CocoaPods installation.\" >&2\n    exit 1\nfi\n# This output is used by Xcode 'outputs' to avoid re-running this script phase.\necho \"SUCCESS\" > \"${SCRIPT_OUTPUT_FILE_0}\"\n";
			showEnvVarsInLog = 0;
		};
		BB11255733FD67DAC88C441F /* [CP] Check Pods Manifest.lock */ = {
			isa = PBXShellScriptBuildPhase;
			buildActionMask = 2147483647;
			files = (
			);
			inputFileListPaths = (
			);
			inputPaths = (
				"${PODS_PODFILE_DIR_PATH}/Podfile.lock",
				"${PODS_ROOT}/Manifest.lock",
			);
			name = "[CP] Check Pods Manifest.lock";
			outputFileListPaths = (
			);
			outputPaths = (
				"$(DERIVED_FILE_DIR)/Pods-YH_WordsTests-checkManifestLockResult.txt",
			);
			runOnlyForDeploymentPostprocessing = 0;
			shellPath = /bin/sh;
			shellScript = "diff \"${PODS_PODFILE_DIR_PATH}/Podfile.lock\" \"${PODS_ROOT}/Manifest.lock\" > /dev/null\nif [ $? != 0 ] ; then\n    # print error to STDERR\n    echo \"error: The sandbox is not in sync with the Podfile.lock. Run 'pod install' or update your CocoaPods installation.\" >&2\n    exit 1\nfi\n# This output is used by Xcode 'outputs' to avoid re-running this script phase.\necho \"SUCCESS\" > \"${SCRIPT_OUTPUT_FILE_0}\"\n";
			showEnvVarsInLog = 0;
		};
/* End PBXShellScriptBuildPhase section */

/* Begin PBXSourcesBuildPhase section */
		365F46F923CB1F4B0073FB73 /* Sources */ = {
			isa = PBXSourcesBuildPhase;
			buildActionMask = 2147483647;
			files = (
				365F470823CB1F4B0073FB73 /* ViewController.m in Sources */,
				365F470223CB1F4B0073FB73 /* AppDelegate.m in Sources */,
				365F471323CB1F4C0073FB73 /* main.m in Sources */,
				365F470523CB1F4B0073FB73 /* SceneDelegate.m in Sources */,
			);
			runOnlyForDeploymentPostprocessing = 0;
		};
		365F471423CB1F4C0073FB73 /* Sources */ = {
			isa = PBXSourcesBuildPhase;
			buildActionMask = 2147483647;
			files = (
				365F471D23CB1F4C0073FB73 /* YH_WordsTests.m in Sources */,
			);
			runOnlyForDeploymentPostprocessing = 0;
		};
		365F471F23CB1F4C0073FB73 /* Sources */ = {
			isa = PBXSourcesBuildPhase;
			buildActionMask = 2147483647;
			files = (
				365F472823CB1F4C0073FB73 /* YH_WordsUITests.m in Sources */,
			);
			runOnlyForDeploymentPostprocessing = 0;
		};
/* End PBXSourcesBuildPhase section */

/* Begin PBXTargetDependency section */
		365F471A23CB1F4C0073FB73 /* PBXTargetDependency */ = {
			isa = PBXTargetDependency;
			target = 365F46FC23CB1F4B0073FB73 /* YH_Words */;
			targetProxy = 365F471923CB1F4C0073FB73 /* PBXContainerItemProxy */;
		};
		365F472523CB1F4C0073FB73 /* PBXTargetDependency */ = {
			isa = PBXTargetDependency;
			target = 365F46FC23CB1F4B0073FB73 /* YH_Words */;
			targetProxy = 365F472423CB1F4C0073FB73 /* PBXContainerItemProxy */;
		};
/* End PBXTargetDependency section */

/* Begin PBXVariantGroup section */
		365F470923CB1F4B0073FB73 /* Main.storyboard */ = {
			isa = PBXVariantGroup;
			children = (
				365F470A23CB1F4B0073FB73 /* Base */,
			);
			name = Main.storyboard;
			sourceTree = "<group>";
		};
		365F470E23CB1F4C0073FB73 /* LaunchScreen.storyboard */ = {
			isa = PBXVariantGroup;
			children = (
				365F470F23CB1F4C0073FB73 /* Base */,
			);
			name = LaunchScreen.storyboard;
			sourceTree = "<group>";
		};
/* End PBXVariantGroup section */

/* Begin XCBuildConfiguration section */
		365F472A23CB1F4C0073FB73 /* Debug */ = {
			isa = XCBuildConfiguration;
			buildSettings = {
				ALWAYS_SEARCH_USER_PATHS = NO;
				CLANG_ANALYZER_NONNULL = YES;
				CLANG_ANALYZER_NUMBER_OBJECT_CONVERSION = YES_AGGRESSIVE;
				CLANG_CXX_LANGUAGE_STANDARD = "gnu++14";
				CLANG_CXX_LIBRARY = "libc++";
				CLANG_ENABLE_MODULES = YES;
				CLANG_ENABLE_OBJC_ARC = YES;
				CLANG_ENABLE_OBJC_WEAK = YES;
				CLANG_WARN_BLOCK_CAPTURE_AUTORELEASING = YES;
				CLANG_WARN_BOOL_CONVERSION = YES;
				CLANG_WARN_COMMA = YES;
				CLANG_WARN_CONSTANT_CONVERSION = YES;
				CLANG_WARN_DEPRECATED_OBJC_IMPLEMENTATIONS = YES;
				CLANG_WARN_DIRECT_OBJC_ISA_USAGE = YES_ERROR;
				CLANG_WARN_DOCUMENTATION_COMMENTS = YES;
				CLANG_WARN_EMPTY_BODY = YES;
				CLANG_WARN_ENUM_CONVERSION = YES;
				CLANG_WARN_INFINITE_RECURSION = YES;
				CLANG_WARN_INT_CONVERSION = YES;
				CLANG_WARN_NON_LITERAL_NULL_CONVERSION = YES;
				CLANG_WARN_OBJC_IMPLICIT_RETAIN_SELF = YES;
				CLANG_WARN_OBJC_LITERAL_CONVERSION = YES;
				CLANG_WARN_OBJC_ROOT_CLASS = YES_ERROR;
				CLANG_WARN_RANGE_LOOP_ANALYSIS = YES;
				CLANG_WARN_STRICT_PROTOTYPES = YES;
				CLANG_WARN_SUSPICIOUS_MOVE = YES;
				CLANG_WARN_UNGUARDED_AVAILABILITY = YES_AGGRESSIVE;
				CLANG_WARN_UNREACHABLE_CODE = YES;
				CLANG_WARN__DUPLICATE_METHOD_MATCH = YES;
				COPY_PHASE_STRIP = NO;
				DEBUG_INFORMATION_FORMAT = dwarf;
				ENABLE_STRICT_OBJC_MSGSEND = YES;
				ENABLE_TESTABILITY = YES;
				GCC_C_LANGUAGE_STANDARD = gnu11;
				GCC_DYNAMIC_NO_PIC = NO;
				GCC_NO_COMMON_BLOCKS = YES;
				GCC_OPTIMIZATION_LEVEL = 0;
				GCC_PREPROCESSOR_DEFINITIONS = (
					"DEBUG=1",
					"$(inherited)",
				);
				GCC_WARN_64_TO_32_BIT_CONVERSION = YES;
				GCC_WARN_ABOUT_RETURN_TYPE = YES_ERROR;
				GCC_WARN_UNDECLARED_SELECTOR = YES;
				GCC_WARN_UNINITIALIZED_AUTOS = YES_AGGRESSIVE;
				GCC_WARN_UNUSED_FUNCTION = YES;
				GCC_WARN_UNUSED_VARIABLE = YES;
				IPHONEOS_DEPLOYMENT_TARGET = 13.2;
				MTL_ENABLE_DEBUG_INFO = INCLUDE_SOURCE;
				MTL_FAST_MATH = YES;
				ONLY_ACTIVE_ARCH = YES;
				SDKROOT = iphoneos;
			};
			name = Debug;
		};
		365F472B23CB1F4C0073FB73 /* Release */ = {
			isa = XCBuildConfiguration;
			buildSettings = {
				ALWAYS_SEARCH_USER_PATHS = NO;
				CLANG_ANALYZER_NONNULL = YES;
				CLANG_ANALYZER_NUMBER_OBJECT_CONVERSION = YES_AGGRESSIVE;
				CLANG_CXX_LANGUAGE_STANDARD = "gnu++14";
				CLANG_CXX_LIBRARY = "libc++";
				CLANG_ENABLE_MODULES = YES;
				CLANG_ENABLE_OBJC_ARC = YES;
				CLANG_ENABLE_OBJC_WEAK = YES;
				CLANG_WARN_BLOCK_CAPTURE_AUTORELEASING = YES;
				CLANG_WARN_BOOL_CONVERSION = YES;
				CLANG_WARN_COMMA = YES;
				CLANG_WARN_CONSTANT_CONVERSION = YES;
				CLANG_WARN_DEPRECATED_OBJC_IMPLEMENTATIONS = YES;
				CLANG_WARN_DIRECT_OBJC_ISA_USAGE = YES_ERROR;
				CLANG_WARN_DOCUMENTATION_COMMENTS = YES;
				CLANG_WARN_EMPTY_BODY = YES;
				CLANG_WARN_ENUM_CONVERSION = YES;
				CLANG_WARN_INFINITE_RECURSION = YES;
				CLANG_WARN_INT_CONVERSION = YES;
				CLANG_WARN_NON_LITERAL_NULL_CONVERSION = YES;
				CLANG_WARN_OBJC_IMPLICIT_RETAIN_SELF = YES;
				CLANG_WARN_OBJC_LITERAL_CONVERSION = YES;
				CLANG_WARN_OBJC_ROOT_CLASS = YES_ERROR;
				CLANG_WARN_RANGE_LOOP_ANALYSIS = YES;
				CLANG_WARN_STRICT_PROTOTYPES = YES;
				CLANG_WARN_SUSPICIOUS_MOVE = YES;
				CLANG_WARN_UNGUARDED_AVAILABILITY = YES_AGGRESSIVE;
				CLANG_WARN_UNREACHABLE_CODE = YES;
				CLANG_WARN__DUPLICATE_METHOD_MATCH = YES;
				COPY_PHASE_STRIP = NO;
				DEBUG_INFORMATION_FORMAT = "dwarf-with-dsym";
				ENABLE_NS_ASSERTIONS = NO;
				ENABLE_STRICT_OBJC_MSGSEND = YES;
				GCC_C_LANGUAGE_STANDARD = gnu11;
				GCC_NO_COMMON_BLOCKS = YES;
				GCC_WARN_64_TO_32_BIT_CONVERSION = YES;
				GCC_WARN_ABOUT_RETURN_TYPE = YES_ERROR;
				GCC_WARN_UNDECLARED_SELECTOR = YES;
				GCC_WARN_UNINITIALIZED_AUTOS = YES_AGGRESSIVE;
				GCC_WARN_UNUSED_FUNCTION = YES;
				GCC_WARN_UNUSED_VARIABLE = YES;
				IPHONEOS_DEPLOYMENT_TARGET = 13.2;
				MTL_ENABLE_DEBUG_INFO = NO;
				MTL_FAST_MATH = YES;
				SDKROOT = iphoneos;
				VALIDATE_PRODUCT = YES;
			};
			name = Release;
		};
		365F472D23CB1F4C0073FB73 /* Debug */ = {
			isa = XCBuildConfiguration;
			baseConfigurationReference = 6DA418822F4D7B94E773AC08 /* Pods-YH_Words.debug.xcconfig */;
			buildSettings = {
				ASSETCATALOG_COMPILER_APPICON_NAME = AppIcon;
				CODE_SIGN_STYLE = Automatic;
				DEVELOPMENT_TEAM = MY86J5M278;
				INFOPLIST_FILE = YH_Words/Info.plist;
				LD_RUNPATH_SEARCH_PATHS = (
					"$(inherited)",
					"@executable_path/Frameworks",
				);
				PRODUCT_BUNDLE_IDENTIFIER = "com.vwidea.YH-Words";
				PRODUCT_NAME = "$(TARGET_NAME)";
				TARGETED_DEVICE_FAMILY = "1,2";
			};
			name = Debug;
		};
		365F472E23CB1F4C0073FB73 /* Release */ = {
			isa = XCBuildConfiguration;
			baseConfigurationReference = 062080A9D05031769F3AD18E /* Pods-YH_Words.release.xcconfig */;
			buildSettings = {
				ASSETCATALOG_COMPILER_APPICON_NAME = AppIcon;
				CODE_SIGN_STYLE = Automatic;
				DEVELOPMENT_TEAM = MY86J5M278;
				INFOPLIST_FILE = YH_Words/Info.plist;
				LD_RUNPATH_SEARCH_PATHS = (
					"$(inherited)",
					"@executable_path/Frameworks",
				);
				PRODUCT_BUNDLE_IDENTIFIER = "com.vwidea.YH-Words";
				PRODUCT_NAME = "$(TARGET_NAME)";
				TARGETED_DEVICE_FAMILY = "1,2";
			};
			name = Release;
		};
		365F473023CB1F4C0073FB73 /* Debug */ = {
			isa = XCBuildConfiguration;
			baseConfigurationReference = 620399AD313830119DA8ACD2 /* Pods-YH_WordsTests.debug.xcconfig */;
			buildSettings = {
				BUNDLE_LOADER = "$(TEST_HOST)";
				CODE_SIGN_STYLE = Automatic;
				DEVELOPMENT_TEAM = MY86J5M278;
				INFOPLIST_FILE = YH_WordsTests/Info.plist;
				IPHONEOS_DEPLOYMENT_TARGET = 13.2;
				LD_RUNPATH_SEARCH_PATHS = (
					"$(inherited)",
					"@executable_path/Frameworks",
					"@loader_path/Frameworks",
				);
				PRODUCT_BUNDLE_IDENTIFIER = "com.vwidea.YH-WordsTests";
				PRODUCT_NAME = "$(TARGET_NAME)";
				TARGETED_DEVICE_FAMILY = "1,2";
				TEST_HOST = "$(BUILT_PRODUCTS_DIR)/YH_Words.app/YH_Words";
			};
			name = Debug;
		};
		365F473123CB1F4C0073FB73 /* Release */ = {
			isa = XCBuildConfiguration;
			baseConfigurationReference = 6812D762D75BDC969D346BC2 /* Pods-YH_WordsTests.release.xcconfig */;
			buildSettings = {
				BUNDLE_LOADER = "$(TEST_HOST)";
				CODE_SIGN_STYLE = Automatic;
				DEVELOPMENT_TEAM = MY86J5M278;
				INFOPLIST_FILE = YH_WordsTests/Info.plist;
				IPHONEOS_DEPLOYMENT_TARGET = 13.2;
				LD_RUNPATH_SEARCH_PATHS = (
					"$(inherited)",
					"@executable_path/Frameworks",
					"@loader_path/Frameworks",
				);
				PRODUCT_BUNDLE_IDENTIFIER = "com.vwidea.YH-WordsTests";
				PRODUCT_NAME = "$(TARGET_NAME)";
				TARGETED_DEVICE_FAMILY = "1,2";
				TEST_HOST = "$(BUILT_PRODUCTS_DIR)/YH_Words.app/YH_Words";
			};
			name = Release;
		};
		365F473323CB1F4C0073FB73 /* Debug */ = {
			isa = XCBuildConfiguration;
			baseConfigurationReference = 47FE0666851F975E77E6C0EA /* Pods-YH_Words-YH_WordsUITests.debug.xcconfig */;
			buildSettings = {
				CODE_SIGN_STYLE = Automatic;
				DEVELOPMENT_TEAM = MY86J5M278;
				INFOPLIST_FILE = YH_WordsUITests/Info.plist;
				LD_RUNPATH_SEARCH_PATHS = (
					"$(inherited)",
					"@executable_path/Frameworks",
					"@loader_path/Frameworks",
				);
				PRODUCT_BUNDLE_IDENTIFIER = "com.vwidea.YH-WordsUITests";
				PRODUCT_NAME = "$(TARGET_NAME)";
				TARGETED_DEVICE_FAMILY = "1,2";
				TEST_TARGET_NAME = YH_Words;
			};
			name = Debug;
		};
		365F473423CB1F4C0073FB73 /* Release */ = {
			isa = XCBuildConfiguration;
			baseConfigurationReference = 5A63B47ACCEFEF3E2FD46EA4 /* Pods-YH_Words-YH_WordsUITests.release.xcconfig */;
			buildSettings = {
				CODE_SIGN_STYLE = Automatic;
				DEVELOPMENT_TEAM = MY86J5M278;
				INFOPLIST_FILE = YH_WordsUITests/Info.plist;
				LD_RUNPATH_SEARCH_PATHS = (
					"$(inherited)",
					"@executable_path/Frameworks",
					"@loader_path/Frameworks",
				);
				PRODUCT_BUNDLE_IDENTIFIER = "com.vwidea.YH-WordsUITests";
				PRODUCT_NAME = "$(TARGET_NAME)";
				TARGETED_DEVICE_FAMILY = "1,2";
				TEST_TARGET_NAME = YH_Words;
			};
			name = Release;
		};
/* End XCBuildConfiguration section */

/* Begin XCConfigurationList section */
		365F46F823CB1F4B0073FB73 /* Build configuration list for PBXProject "YH_Words" */ = {
			isa = XCConfigurationList;
			buildConfigurations = (
				365F472A23CB1F4C0073FB73 /* Debug */,
				365F472B23CB1F4C0073FB73 /* Release */,
			);
			defaultConfigurationIsVisible = 0;
			defaultConfigurationName = Release;
		};
		365F472C23CB1F4C0073FB73 /* Build configuration list for PBXNativeTarget "YH_Words" */ = {
			isa = XCConfigurationList;
			buildConfigurations = (
				365F472D23CB1F4C0073FB73 /* Debug */,
				365F472E23CB1F4C0073FB73 /* Release */,
			);
			defaultConfigurationIsVisible = 0;
			defaultConfigurationName = Release;
		};
		365F472F23CB1F4C0073FB73 /* Build configuration list for PBXNativeTarget "YH_WordsTests" */ = {
			isa = XCConfigurationList;
			buildConfigurations = (
				365F473023CB1F4C0073FB73 /* Debug */,
				365F473123CB1F4C0073FB73 /* Release */,
			);
			defaultConfigurationIsVisible = 0;
			defaultConfigurationName = Release;
		};
		365F473223CB1F4C0073FB73 /* Build configuration list for PBXNativeTarget "YH_WordsUITests" */ = {
			isa = XCConfigurationList;
			buildConfigurations = (
				365F473323CB1F4C0073FB73 /* Debug */,
				365F473423CB1F4C0073FB73 /* Release */,
			);
			defaultConfigurationIsVisible = 0;
			defaultConfigurationName = Release;
		};
/* End XCConfigurationList section */
	};
	rootObject = 365F46F523CB1F4B0073FB73 /* Project object */;
}
